
Microsoft Visual Studio Solution File, Format Version 12.00
# Visual Studio 14
VisualStudioVersion = 14.0.25420.1
MinimumVisualStudioVersion = 10.0.40219.1
Project("{FAE04EC0-301F-11D3-BF4B-00C04F79EFBC}") = "EventMgmt", "EventMgmt\EventMgmt.csproj", "{B8CAD680-9DF8-41FF-A82B-B157380B61F3}"
EndProject
Project("{FAE04EC0-301F-11D3-BF4B-00C04F79EFBC}") = "DAL", "DAL\DAL.csproj", "{633E8A86-D0EF-4672-9089-4D6CC697915E}"
EndProject
Global
	GlobalSection(SolutionConfigurationPlatforms) = preSolution
		Debug|Any CPU = Debug|Any CPU
		Release|Any CPU = Release|Any CPU
	EndGlobalSection
	GlobalSection(ProjectConfigurationPlatforms) = postSolution
		{B8CAD680-9DF8-41FF-A82B-B157380B61F3}.Debug|Any CPU.ActiveCfg = Debug|Any CPU
		{B8CAD680-9DF8-41FF-A82B-B157380B61F3}.Debug|Any CPU.Build.0 = Debug|Any CPU
		{B8CAD680-9DF8-41FF-A82B-B157380B61F3}.Release|Any CPU.ActiveCfg = Release|Any CPU
		{B8CAD680-9DF8-41FF-A82B-B157380B61F3}.Release|Any CPU.Build.0 = Release|Any CPU
		{633E8A86-D0EF-4672-9089-4D6CC697915E}.Debug|Any CPU.ActiveCfg = Debug|Any CPU
		{633E8A86-D0EF-4672-9089-4D6CC697915E}.Debug|Any CPU.Build.0 = Debug|Any CPU
		{633E8A86-D0EF-4672-9089-4D6CC697915E}.Release|Any CPU.ActiveCfg = Release|Any CPU
		{633E8A86-D0EF-4672-9089-4D6CC697915E}.Release|Any CPU.Build.0 = Release|Any CPU
	EndGlobalSection
	GlobalSection(SolutionProperties) = preSolution
		HideSolutionNode = FALSE
	EndGlobalSection
EndGlobal
